{
  "version": 4,
  "terraform_version": "0.12.0",
  "serial": 20,
  "lineage": "940737d7-68be-0c68-de2f-635e1d447c59",
  "outputs": {},
  "resources": [
    {
      "mode": "managed",
      "type": "aws_internet_gateway",
      "name": "terra_igw",
      "provider": "provider.aws",
      "instances": [
        {
          "schema_version": 0,
          "attributes": {
            "id": "igw-04927df83093f20de",
            "owner_id": "934917017038",
            "tags": {
              "Name": "main"
            },
            "vpc_id": "vpc-0f2fa45803bbac3a7"
          },
          "depends_on": [
            "aws_vpc.terra_vpc"
          ]
        }
      ]
    },
    {
      "mode": "managed",
      "type": "aws_vpc",
      "name": "terra_vpc",
      "provider": "provider.aws",
      "instances": [
        {
          "schema_version": 1,
          "attributes": {
            "arn": "arn:aws:ec2:ap-south-1:934917017038:vpc/vpc-0f2fa45803bbac3a7",
            "assign_generated_ipv6_cidr_block": false,
            "cidr_block": "10.20.0.0/16",
            "default_network_acl_id": "acl-030315319e5ef9729",
            "default_route_table_id": "rtb-01acc62cee677e303",
            "default_security_group_id": "sg-0ec58e1c9e67f219c",
            "dhcp_options_id": "dopt-c87062a0",
            "enable_classiclink": null,
            "enable_classiclink_dns_support": null,
            "enable_dns_hostnames": false,
            "enable_dns_support": true,
            "id": "vpc-0f2fa45803bbac3a7",
            "instance_tenancy": "default",
            "ipv6_association_id": "",
            "ipv6_cidr_block": "",
            "main_route_table_id": "rtb-01acc62cee677e303",
            "owner_id": "934917017038",
            "tags": {
              "Name": "TerraVPC"
            }
          }
        }
      ]
    }
  ]
}
